
Microsoft Visual Studio Solution File, Format Version 12.00
# Visual Studio Version 16
VisualStudioVersion = 16.0.32802.440
MinimumVisualStudioVersion = 10.0.40219.1
Project("{FAE04EC0-301F-11D3-BF4B-00C04F79EFBC}") = "Onlab2", "Onlab2\Onlab2.csproj", "{F30BD0E8-8869-4A29-BEAD-981381502100}"
EndProject
Global
	GlobalSection(SolutionConfigurationPlatforms) = preSolution
		Debug|Any CPU = Debug|Any CPU
		Release|Any CPU = Release|Any CPU
	EndGlobalSection
	GlobalSection(ProjectConfigurationPlatforms) = postSolution
		{F30BD0E8-8869-4A29-BEAD-981381502100}.Debug|Any CPU.ActiveCfg = Debug|Any CPU
		{F30BD0E8-8869-4A29-BEAD-981381502100}.Debug|Any CPU.Build.0 = Debug|Any CPU
		{F30BD0E8-8869-4A29-BEAD-981381502100}.Release|Any CPU.ActiveCfg = Release|Any CPU
		{F30BD0E8-8869-4A29-BEAD-981381502100}.Release|Any CPU.Build.0 = Release|Any CPU
	EndGlobalSection
	GlobalSection(SolutionProperties) = preSolution
		HideSolutionNode = FALSE
	EndGlobalSection
	GlobalSection(ExtensibilityGlobals) = postSolution
		SolutionGuid = {E2BAC77D-E2B4-4143-A9B7-61A49B55EA15}
	EndGlobalSection
EndGlobal
